{
  "nodes": {
    "nixpkgs": {
      "locked": {
        "lastModified": 1747739564,
        "narHash": "sha256-OLs+6N73j9+/S6dWjJJqtECe2j6v3GgxM0H8jRtGVd4=",
        "owner": "NixOS",
        "repo": "nixpkgs",
        "rev": "595c22cce5205fa070f797b477978e91b123def0",
        "type": "github"
      },
      "original": {
        "owner": "NixOS",
        "ref": "release-24.11",
        "repo": "nixpkgs",
        "type": "github"
      }
    },
    "root": {
      "inputs": {
        "nixpkgs": "nixpkgs"
      }
    }
  },
  "root": "root",
  "version": 7
}
